<?xml version="1.0" encoding="utf-8"?>
<Project ToolsVersion="4.0" xmlns="http://schemas.microsoft.com/developer/msbuild/2003">
  <ItemGroup>
    <Filter Include="Source Files">
      <UniqueIdentifier>{4FC737F1-C7A5-4376-A066-2A32D752A2FF}</UniqueIdentifier>
      <Extensions>cpp;c;cc;cxx;c++;cppm;ixx;def;odl;idl;hpj;bat;asm;asmx</Extensions>
    </Filter>
    <Filter Include="Header Files">
      <UniqueIdentifier>{93995380-89BD-4b04-88EB-625FBE52EBFB}</UniqueIdentifier>
      <Extensions>h;hh;hpp;hxx;h++;hm;inl;inc;ipp;xsd</Extensions>
    </Filter>
    <Filter Include="Resource Files">
      <UniqueIdentifier>{67DA6AB6-F800-4c08-8B7A-83BB121AAD01}</UniqueIdentifier>
      <Extensions>rc;ico;cur;bmp;dlg;rc2;rct;bin;rgs;gif;jpg;jpeg;jpe;resx;tiff;tif;png;wav;mfcribbon-ms</Extensions>
    </Filter>
    <Filter Include="Proc">
      <UniqueIdentifier>{c084d180-be84-4343-9042-c34902ea1841}</UniqueIdentifier>
    </Filter>
  </ItemGroup>
  <ItemGroup>
    <ClCompile Include="proc.cpp">
      <Filter>Proc</Filter>
    </ClCompile>
    <ClCompile Include="main.cpp">
      <Filter>Source Files</Filter>
    </ClCompile>
  </ItemGroup>
  <ItemGroup>
    <ClInclude Include="proc.h">
      <Filter>Proc</Filter>
    </ClInclude>
    <ClInclude Include="KyeMem.h">
      <Filter>Proc</Filter>
    </ClInclude>
    <ClInclude Include="includes\json.hpp">
      <Filter>Header Files</Filter>
    </ClInclude>
    <ClInclude Include="offsets.h">
      <Filter>Header Files</Filter>
    </ClInclude>
    <ClInclude Include="GlowStruct.h">
      <Filter>Header Files</Filter>
    </ClInclude>
    <ClInclude Include="ChamStruct.h">
      <Filter>Header Files</Filter>
    </ClInclude>
    <ClInclude Include="includes\curl\curl.h">
      <Filter>Header Files</Filter>
    </ClInclude>
    <ClInclude Include="includes\curl\curlver.h">
      <Filter>Header Files</Filter>
    </ClInclude>
    <ClInclude Include="includes\curl\easy.h">
      <Filter>Header Files</Filter>
    </ClInclude>
    <ClInclude Include="includes\curl\mprintf.h">
      <Filter>Header Files</Filter>
    </ClInclude>
    <ClInclude Include="includes\curl\multi.h">
      <Filter>Header Files</Filter>
    </ClInclude>
    <ClInclude Include="includes\curl\options.h">
      <Filter>Header Files</Filter>
    </ClInclude>
    <ClInclude Include="includes\curl\stdcheaders.h">
      <Filter>Header Files</Filter>
    </ClInclude>
    <ClInclude Include="includes\curl\system.h">
      <Filter>Header Files</Filter>
    </ClInclude>
    <ClInclude Include="includes\curl\typecheck-gcc.h">
      <Filter>Header Files</Filter>
    </ClInclude>
    <ClInclude Include="includes\curl\urlapi.h">
      <Filter>Header Files</Filter>
    </ClInclude>
    <ClInclude Include="includes\curlpp\internal\buildconfig.h">
      <Filter>Header Files</Filter>
    </ClInclude>
    <ClInclude Include="includes\curlpp\internal\CurlHandle.hpp">
      <Filter>Header Files</Filter>
    </ClInclude>
    <ClInclude Include="includes\curlpp\internal\global.h">
      <Filter>Header Files</Filter>
    </ClInclude>
    <ClInclude Include="includes\curlpp\internal\OptionContainer.hpp">
      <Filter>Header Files</Filter>
    </ClInclude>
    <ClInclude Include="includes\curlpp\internal\OptionContainerType.hpp">
      <Filter>Header Files</Filter>
    </ClInclude>
    <ClInclude Include="includes\curlpp\internal\OptionList.hpp">
      <Filter>Header Files</Filter>
    </ClInclude>
    <ClInclude Include="includes\curlpp\internal\OptionSetter.hpp">
      <Filter>Header Files</Filter>
    </ClInclude>
    <ClInclude Include="includes\curlpp\internal\SList.hpp">
      <Filter>Header Files</Filter>
    </ClInclude>
    <ClInclude Include="includes\curlpp\config.win32.h">
      <Filter>Header Files</Filter>
    </ClInclude>
    <ClInclude Include="includes\curlpp\cURLpp.hpp">
      <Filter>Header Files</Filter>
    </ClInclude>
    <ClInclude Include="includes\curlpp\Easy.hpp">
      <Filter>Header Files</Filter>
    </ClInclude>
    <ClInclude Include="includes\curlpp\Exception.hpp">
      <Filter>Header Files</Filter>
    </ClInclude>
    <ClInclude Include="includes\curlpp\Form.hpp">
      <Filter>Header Files</Filter>
    </ClInclude>
    <ClInclude Include="includes\curlpp\Info.hpp">
      <Filter>Header Files</Filter>
    </ClInclude>
    <ClInclude Include="includes\curlpp\Infos.hpp">
      <Filter>Header Files</Filter>
    </ClInclude>
    <ClInclude Include="includes\curlpp\Multi.hpp">
      <Filter>Header Files</Filter>
    </ClInclude>
    <ClInclude Include="includes\curlpp\Option.hpp">
      <Filter>Header Files</Filter>
    </ClInclude>
    <ClInclude Include="includes\curlpp\OptionBase.hpp">
      <Filter>Header Files</Filter>
    </ClInclude>
    <ClInclude Include="includes\curlpp\Options.hpp">
      <Filter>Header Files</Filter>
    </ClInclude>
    <ClInclude Include="includes\curlpp\Types.hpp">
      <Filter>Header Files</Filter>
    </ClInclude>
    <ClInclude Include="includes\utilspp\functor\Binder.hpp">
      <Filter>Header Files</Filter>
    </ClInclude>
    <ClInclude Include="includes\utilspp\functor\Functor.hpp">
      <Filter>Header Files</Filter>
    </ClInclude>
    <ClInclude Include="includes\utilspp\functor\FunctorHandler.hpp">
      <Filter>Header Files</Filter>
    </ClInclude>
    <ClInclude Include="includes\utilspp\functor\FunctorImpl.hpp">
      <Filter>Header Files</Filter>
    </ClInclude>
    <ClInclude Include="includes\utilspp\functor\MemFunHandler.hpp">
      <Filter>Header Files</Filter>
    </ClInclude>
    <ClInclude Include="includes\utilspp\singleton\CreationStatic.hpp">
      <Filter>Header Files</Filter>
    </ClInclude>
    <ClInclude Include="includes\utilspp\singleton\CreationUsingNew.hpp">
      <Filter>Header Files</Filter>
    </ClInclude>
    <ClInclude Include="includes\utilspp\singleton\LifetimeDefault.hpp">
      <Filter>Header Files</Filter>
    </ClInclude>
    <ClInclude Include="includes\utilspp\singleton\LifetimeLibrary.hpp">
      <Filter>Header Files</Filter>
    </ClInclude>
    <ClInclude Include="includes\utilspp\singleton\LifetimeWithLongevity.hpp">
      <Filter>Header Files</Filter>
    </ClInclude>
    <ClInclude Include="includes\utilspp\singleton\PrivateMembers.hpp">
      <Filter>Header Files</Filter>
    </ClInclude>
    <ClInclude Include="includes\utilspp\singleton\SingletonHolder.hpp">
      <Filter>Header Files</Filter>
    </ClInclude>
    <ClInclude Include="includes\utilspp\clone_ptr.hpp">
      <Filter>Header Files</Filter>
    </ClInclude>
    <ClInclude Include="includes\utilspp\EmptyType.hpp">
      <Filter>Header Files</Filter>
    </ClInclude>
    <ClInclude Include="includes\utilspp\Functors.hpp">
      <Filter>Header Files</Filter>
    </ClInclude>
    <ClInclude Include="includes\utilspp\NonCopyable.hpp">
      <Filter>Header Files</Filter>
    </ClInclude>
    <ClInclude Include="includes\utilspp\NullType.hpp">
      <Filter>Header Files</Filter>
    </ClInclude>
    <ClInclude Include="includes\utilspp\Singleton.hpp">
      <Filter>Header Files</Filter>
    </ClInclude>
    <ClInclude Include="includes\utilspp\SmartPtr.hpp">
      <Filter>Header Files</Filter>
    </ClInclude>
    <ClInclude Include="includes\utilspp\ThreadingFactoryMutex.hpp">
      <Filter>Header Files</Filter>
    </ClInclude>
    <ClInclude Include="includes\utilspp\ThreadingSingle.hpp">
      <Filter>Header Files</Filter>
    </ClInclude>
    <ClInclude Include="includes\utilspp\TypeList.hpp">
      <Filter>Header Files</Filter>
    </ClInclude>
    <ClInclude Include="includes\utilspp\TypeTrait.hpp">
      <Filter>Header Files</Filter>
    </ClInclude>
  </ItemGroup>
  <ItemGroup>
    <None Include="includes\curlpp\internal\CurlHandle.inl">
      <Filter>Header Files</Filter>
    </None>
    <None Include="includes\curlpp\internal\OptionContainer.inl">
      <Filter>Header Files</Filter>
    </None>
    <None Include="includes\curlpp\internal\OptionSetter.inl">
      <Filter>Header Files</Filter>
    </None>
    <None Include="includes\curlpp\Easy.inl">
      <Filter>Header Files</Filter>
    </None>
    <None Include="includes\curlpp\Info.inl">
      <Filter>Header Files</Filter>
    </None>
    <None Include="includes\curlpp\Option.inl">
      <Filter>Header Files</Filter>
    </None>
    <None Include="includes\utilspp\singleton\CreationStatic.inl">
      <Filter>Header Files</Filter>
    </None>
    <None Include="includes\utilspp\singleton\CreationUsingNew.inl">
      <Filter>Header Files</Filter>
    </None>
    <None Include="includes\utilspp\singleton\LifetimeDefault.inl">
      <Filter>Header Files</Filter>
    </None>
    <None Include="includes\utilspp\singleton\LifetimeLibrary.inl">
      <Filter>Header Files</Filter>
    </None>
    <None Include="includes\utilspp\singleton\LifetimeWithLongevity.inl">
      <Filter>Header Files</Filter>
    </None>
    <None Include="includes\utilspp\singleton\PrivateMembers.inl">
      <Filter>Header Files</Filter>
    </None>
    <None Include="includes\utilspp\singleton\SingletonHolder.inl">
      <Filter>Header Files</Filter>
    </None>
    <None Include="includes\utilspp\ThreadingFactoryMutex.inl">
      <Filter>Header Files</Filter>
    </None>
    <None Include="includes\utilspp\ThreadingSingle.inl">
      <Filter>Header Files</Filter>
    </None>
  </ItemGroup>
</Project>